// !$*UTF8*$!
{
	archiveVersion = 1;
	classes = {
	};
	objectVersion = 56;
	objects = {

/* Begin PBXBuildFile section */
		CA00CCD92B84F60A00C5AE78 /* AppDelegate.swift in Sources */ = {isa = PBXBuildFile; fileRef = CA00CCD82B84F60A00C5AE78 /* AppDelegate.swift */; };
		CA00CCDB2B84F60A00C5AE78 /* SceneDelegate.swift in Sources */ = {isa = PBXBuildFile; fileRef = CA00CCDA2B84F60A00C5AE78 /* SceneDelegate.swift */; };
		CA00CCDD2B84F60A00C5AE78 /* SplashScreenViewController.swift in Sources */ = {isa = PBXBuildFile; fileRef = CA00CCDC2B84F60A00C5AE78 /* SplashScreenViewController.swift */; };
		CA00CCE02B84F60A00C5AE78 /* SplashScreen.storyboard in Resources */ = {isa = PBXBuildFile; fileRef = CA00CCDE2B84F60A00C5AE78 /* SplashScreen.storyboard */; };
		CA00CCE22B84F60C00C5AE78 /* Assets.xcassets in Resources */ = {isa = PBXBuildFile; fileRef = CA00CCE12B84F60C00C5AE78 /* Assets.xcassets */; };
		CA00CCE52B84F60C00C5AE78 /* LaunchScreen.storyboard in Resources */ = {isa = PBXBuildFile; fileRef = CA00CCE32B84F60C00C5AE78 /* LaunchScreen.storyboard */; };
		CA00CCEF2B84FEB000C5AE78 /* GoogleService-Info.plist in Resources */ = {isa = PBXBuildFile; fileRef = CA00CCEE2B84FEAF00C5AE78 /* GoogleService-Info.plist */; };
		CA5042162B86009300E416C3 /* NunitoSans_10pt-Bold.ttf in Resources */ = {isa = PBXBuildFile; fileRef = CA5042152B86009300E416C3 /* NunitoSans_10pt-Bold.ttf */; };
		CA50421D2B860F4F00E416C3 /* LibraryScreenViewController.swift in Sources */ = {isa = PBXBuildFile; fileRef = CA50421B2B860F4F00E416C3 /* LibraryScreenViewController.swift */; };
		CA5042222B86130300E416C3 /* json_data.json in Resources */ = {isa = PBXBuildFile; fileRef = CA5042212B86130300E416C3 /* json_data.json */; };
		CA5042262B861AD800E416C3 /* Book.swift in Sources */ = {isa = PBXBuildFile; fileRef = CA5042252B861AD800E416C3 /* Book.swift */; };
		CA50422A2B861C8100E416C3 /* BookCollectionViewCell.swift in Sources */ = {isa = PBXBuildFile; fileRef = CA5042282B861C8100E416C3 /* BookCollectionViewCell.swift */; };
		CA50422B2B861C8100E416C3 /* BookCollectionViewCell.xib in Resources */ = {isa = PBXBuildFile; fileRef = CA5042292B861C8100E416C3 /* BookCollectionViewCell.xib */; };
		CA50422D2B862BBF00E416C3 /* NunitoSans_10pt-SemiBold.ttf in Resources */ = {isa = PBXBuildFile; fileRef = CA50422C2B862BBF00E416C3 /* NunitoSans_10pt-SemiBold.ttf */; };
		CA50422F2B862D5500E416C3 /* BookViewModel.swift in Sources */ = {isa = PBXBuildFile; fileRef = CA50422E2B862D5500E416C3 /* BookViewModel.swift */; };
		CA9950672B8633C000A3098D /* Library.storyboard in Resources */ = {isa = PBXBuildFile; fileRef = CA9950662B8633C000A3098D /* Library.storyboard */; };
		CA99506A2B87734D00A3098D /* BannerCollectionViewCell.swift in Sources */ = {isa = PBXBuildFile; fileRef = CA9950682B87734D00A3098D /* BannerCollectionViewCell.swift */; };
		CA99506B2B87734D00A3098D /* BannerCollectionViewCell.xib in Resources */ = {isa = PBXBuildFile; fileRef = CA9950692B87734D00A3098D /* BannerCollectionViewCell.xib */; };
		CA99506D2B87F69600A3098D /* Banner.swift in Sources */ = {isa = PBXBuildFile; fileRef = CA99506C2B87F69600A3098D /* Banner.swift */; };
		CEFBD15A6D5B0C6D939CB393 /* Pods_HolyWater_Test.framework in Frameworks */ = {isa = PBXBuildFile; fileRef = C26C3A9AA6926979B3C44EB2 /* Pods_HolyWater_Test.framework */; };
/* End PBXBuildFile section */

/* Begin PBXFileReference section */
		7A00425A44679FB168E9A332 /* Pods-HolyWater-Test.debug.xcconfig */ = {isa = PBXFileReference; includeInIndex = 1; lastKnownFileType = text.xcconfig; name = "Pods-HolyWater-Test.debug.xcconfig"; path = "Target Support Files/Pods-HolyWater-Test/Pods-HolyWater-Test.debug.xcconfig"; sourceTree = "<group>"; };
		C26C3A9AA6926979B3C44EB2 /* Pods_HolyWater_Test.framework */ = {isa = PBXFileReference; explicitFileType = wrapper.framework; includeInIndex = 0; path = Pods_HolyWater_Test.framework; sourceTree = BUILT_PRODUCTS_DIR; };
		CA00CCD52B84F60A00C5AE78 /* HolyWater-Test.app */ = {isa = PBXFileReference; explicitFileType = wrapper.application; includeInIndex = 0; path = "HolyWater-Test.app"; sourceTree = BUILT_PRODUCTS_DIR; };
		CA00CCD82B84F60A00C5AE78 /* AppDelegate.swift */ = {isa = PBXFileReference; lastKnownFileType = sourcecode.swift; path = AppDelegate.swift; sourceTree = "<group>"; };
		CA00CCDA2B84F60A00C5AE78 /* SceneDelegate.swift */ = {isa = PBXFileReference; lastKnownFileType = sourcecode.swift; path = SceneDelegate.swift; sourceTree = "<group>"; };
		CA00CCDC2B84F60A00C5AE78 /* SplashScreenViewController.swift */ = {isa = PBXFileReference; lastKnownFileType = sourcecode.swift; path = SplashScreenViewController.swift; sourceTree = "<group>"; };
		CA00CCDF2B84F60A00C5AE78 /* Base */ = {isa = PBXFileReference; lastKnownFileType = file.storyboard; name = Base; path = Base.lproj/SplashScreen.storyboard; sourceTree = "<group>"; };
		CA00CCE12B84F60C00C5AE78 /* Assets.xcassets */ = {isa = PBXFileReference; lastKnownFileType = folder.assetcatalog; path = Assets.xcassets; sourceTree = "<group>"; };
		CA00CCE42B84F60C00C5AE78 /* Base */ = {isa = PBXFileReference; lastKnownFileType = file.storyboard; name = Base; path = Base.lproj/LaunchScreen.storyboard; sourceTree = "<group>"; };
		CA00CCE62B84F60C00C5AE78 /* Info.plist */ = {isa = PBXFileReference; lastKnownFileType = text.plist.xml; path = Info.plist; sourceTree = "<group>"; };
		CA00CCEE2B84FEAF00C5AE78 /* GoogleService-Info.plist */ = {isa = PBXFileReference; fileEncoding = 4; lastKnownFileType = text.plist.xml; path = "GoogleService-Info.plist"; sourceTree = "<group>"; };
		CA5042152B86009300E416C3 /* NunitoSans_10pt-Bold.ttf */ = {isa = PBXFileReference; lastKnownFileType = file; path = "NunitoSans_10pt-Bold.ttf"; sourceTree = "<group>"; };
		CA50421B2B860F4F00E416C3 /* LibraryScreenViewController.swift */ = {isa = PBXFileReference; lastKnownFileType = sourcecode.swift; path = LibraryScreenViewController.swift; sourceTree = "<group>"; };
		CA5042212B86130300E416C3 /* json_data.json */ = {isa = PBXFileReference; fileEncoding = 4; lastKnownFileType = text.json; path = json_data.json; sourceTree = "<group>"; };
		CA5042252B861AD800E416C3 /* Book.swift */ = {isa = PBXFileReference; lastKnownFileType = sourcecode.swift; path = Book.swift; sourceTree = "<group>"; };
		CA5042282B861C8100E416C3 /* BookCollectionViewCell.swift */ = {isa = PBXFileReference; lastKnownFileType = sourcecode.swift; path = BookCollectionViewCell.swift; sourceTree = "<group>"; };
		CA5042292B861C8100E416C3 /* BookCollectionViewCell.xib */ = {isa = PBXFileReference; lastKnownFileType = file.xib; path = BookCollectionViewCell.xib; sourceTree = "<group>"; };
		CA50422C2B862BBF00E416C3 /* NunitoSans_10pt-SemiBold.ttf */ = {isa = PBXFileReference; lastKnownFileType = file; path = "NunitoSans_10pt-SemiBold.ttf"; sourceTree = "<group>"; };
		CA50422E2B862D5500E416C3 /* BookViewModel.swift */ = {isa = PBXFileReference; lastKnownFileType = sourcecode.swift; path = BookViewModel.swift; sourceTree = "<group>"; };
		CA9950662B8633C000A3098D /* Library.storyboard */ = {isa = PBXFileReference; lastKnownFileType = file.storyboard; path = Library.storyboard; sourceTree = "<group>"; };
		CA9950682B87734D00A3098D /* BannerCollectionViewCell.swift */ = {isa = PBXFileReference; lastKnownFileType = sourcecode.swift; path = BannerCollectionViewCell.swift; sourceTree = "<group>"; };
		CA9950692B87734D00A3098D /* BannerCollectionViewCell.xib */ = {isa = PBXFileReference; lastKnownFileType = file.xib; path = BannerCollectionViewCell.xib; sourceTree = "<group>"; };
		CA99506C2B87F69600A3098D /* Banner.swift */ = {isa = PBXFileReference; lastKnownFileType = sourcecode.swift; path = Banner.swift; sourceTree = "<group>"; };
		D09C3533F7514C8B98439B5B /* Pods-HolyWater-Test.release.xcconfig */ = {isa = PBXFileReference; includeInIndex = 1; lastKnownFileType = text.xcconfig; name = "Pods-HolyWater-Test.release.xcconfig"; path = "Target Support Files/Pods-HolyWater-Test/Pods-HolyWater-Test.release.xcconfig"; sourceTree = "<group>"; };
/* End PBXFileReference section */

/* Begin PBXFrameworksBuildPhase section */
		CA00CCD22B84F60A00C5AE78 /* Frameworks */ = {
			isa = PBXFrameworksBuildPhase;
			buildActionMask = 2147483647;
			files = (
				CEFBD15A6D5B0C6D939CB393 /* Pods_HolyWater_Test.framework in Frameworks */,
			);
			runOnlyForDeploymentPostprocessing = 0;
		};
/* End PBXFrameworksBuildPhase section */

/* Begin PBXGroup section */
		862EAC3D123B3ACA662D3B27 /* Pods */ = {
			isa = PBXGroup;
			children = (
				7A00425A44679FB168E9A332 /* Pods-HolyWater-Test.debug.xcconfig */,
				D09C3533F7514C8B98439B5B /* Pods-HolyWater-Test.release.xcconfig */,
			);
			path = Pods;
			sourceTree = "<group>";
		};
		ABD88F0AB743714E7E9C52B9 /* Frameworks */ = {
			isa = PBXGroup;
			children = (
				C26C3A9AA6926979B3C44EB2 /* Pods_HolyWater_Test.framework */,
			);
			name = Frameworks;
			sourceTree = "<group>";
		};
		CA00CCCC2B84F60A00C5AE78 = {
			isa = PBXGroup;
			children = (
				CA00CCD72B84F60A00C5AE78 /* HolyWater-Test */,
				CA00CCD62B84F60A00C5AE78 /* Products */,
				862EAC3D123B3ACA662D3B27 /* Pods */,
				ABD88F0AB743714E7E9C52B9 /* Frameworks */,
			);
			sourceTree = "<group>";
		};
		CA00CCD62B84F60A00C5AE78 /* Products */ = {
			isa = PBXGroup;
			children = (
				CA00CCD52B84F60A00C5AE78 /* HolyWater-Test.app */,
			);
			name = Products;
			sourceTree = "<group>";
		};
		CA00CCD72B84F60A00C5AE78 /* HolyWater-Test */ = {
			isa = PBXGroup;
			children = (
				CA5042232B861AA300E416C3 /* Models */,
				CA5042172B860E9400E416C3 /* UI */,
				CA00CCEC2B84F65100C5AE78 /* Application */,
				CA00CCED2B84F66D00C5AE78 /* Resources */,
			);
			path = "HolyWater-Test";
			sourceTree = "<group>";
		};
		CA00CCEC2B84F65100C5AE78 /* Application */ = {
			isa = PBXGroup;
			children = (
				CA00CCD82B84F60A00C5AE78 /* AppDelegate.swift */,
				CA00CCDA2B84F60A00C5AE78 /* SceneDelegate.swift */,
			);
			path = Application;
			sourceTree = "<group>";
		};
		CA00CCED2B84F66D00C5AE78 /* Resources */ = {
			isa = PBXGroup;
			children = (
				CA5042212B86130300E416C3 /* json_data.json */,
				CA5042142B86007600E416C3 /* Fonts */,
				CA00CCE12B84F60C00C5AE78 /* Assets.xcassets */,
				CA00CCE32B84F60C00C5AE78 /* LaunchScreen.storyboard */,
				CA00CCE62B84F60C00C5AE78 /* Info.plist */,
				CA00CCEE2B84FEAF00C5AE78 /* GoogleService-Info.plist */,
			);
			path = Resources;
			sourceTree = "<group>";
		};
		CA5042142B86007600E416C3 /* Fonts */ = {
			isa = PBXGroup;
			children = (
				CA50422C2B862BBF00E416C3 /* NunitoSans_10pt-SemiBold.ttf */,
				CA5042152B86009300E416C3 /* NunitoSans_10pt-Bold.ttf */,
			);
			path = Fonts;
			sourceTree = "<group>";
		};
		CA5042172B860E9400E416C3 /* UI */ = {
			isa = PBXGroup;
			children = (
				CA5042272B861B9200E416C3 /* Cells */,
				CA5042182B860E9800E416C3 /* Splash */,
				CA5042192B860F0E00E416C3 /* Library */,
				CA50421A2B860F2000E416C3 /* Recommended */,
			);
			path = UI;
			sourceTree = "<group>";
		};
		CA5042182B860E9800E416C3 /* Splash */ = {
			isa = PBXGroup;
			children = (
				CA00CCDC2B84F60A00C5AE78 /* SplashScreenViewController.swift */,
				CA00CCDE2B84F60A00C5AE78 /* SplashScreen.storyboard */,
			);
			path = Splash;
			sourceTree = "<group>";
		};
		CA5042192B860F0E00E416C3 /* Library */ = {
			isa = PBXGroup;
			children = (
				CA50421B2B860F4F00E416C3 /* LibraryScreenViewController.swift */,
				CA50422E2B862D5500E416C3 /* BookViewModel.swift */,
				CA9950662B8633C000A3098D /* Library.storyboard */,
			);
			path = Library;
			sourceTree = "<group>";
		};
		CA50421A2B860F2000E416C3 /* Recommended */ = {
			isa = PBXGroup;
			children = (
			);
			path = Recommended;
			sourceTree = "<group>";
		};
		CA5042232B861AA300E416C3 /* Models */ = {
			isa = PBXGroup;
			children = (
				CA5042252B861AD800E416C3 /* Book.swift */,
				CA99506C2B87F69600A3098D /* Banner.swift */,
			);
			path = Models;
			sourceTree = "<group>";
		};
		CA5042272B861B9200E416C3 /* Cells */ = {
			isa = PBXGroup;
			children = (
				CA5042282B861C8100E416C3 /* BookCollectionViewCell.swift */,
				CA5042292B861C8100E416C3 /* BookCollectionViewCell.xib */,
				CA9950682B87734D00A3098D /* BannerCollectionViewCell.swift */,
				CA9950692B87734D00A3098D /* BannerCollectionViewCell.xib */,
			);
			path = Cells;
			sourceTree = "<group>";
		};
/* End PBXGroup section */

/* Begin PBXNativeTarget section */
		CA00CCD42B84F60A00C5AE78 /* HolyWater-Test */ = {
			isa = PBXNativeTarget;
			buildConfigurationList = CA00CCE92B84F60C00C5AE78 /* Build configuration list for PBXNativeTarget "HolyWater-Test" */;
			buildPhases = (
				353BFFA1BFA3C2929565865D /* [CP] Check Pods Manifest.lock */,
				CA00CCD12B84F60A00C5AE78 /* Sources */,
				CA00CCD22B84F60A00C5AE78 /* Frameworks */,
				CA00CCD32B84F60A00C5AE78 /* Resources */,
				9AC6F18F1D859278ABC673C1 /* [CP] Embed Pods Frameworks */,
			);
			buildRules = (
			);
			dependencies = (
			);
			name = "HolyWater-Test";
			productName = "HolyWater-Test";
			productReference = CA00CCD52B84F60A00C5AE78 /* HolyWater-Test.app */;
			productType = "com.apple.product-type.application";
		};
/* End PBXNativeTarget section */

/* Begin PBXProject section */
		CA00CCCD2B84F60A00C5AE78 /* Project object */ = {
			isa = PBXProject;
			attributes = {
				BuildIndependentTargetsInParallel = 1;
				LastSwiftUpdateCheck = 1520;
				LastUpgradeCheck = 1520;
				TargetAttributes = {
					CA00CCD42B84F60A00C5AE78 = {
						CreatedOnToolsVersion = 15.2;
					};
				};
			};
			buildConfigurationList = CA00CCD02B84F60A00C5AE78 /* Build configuration list for PBXProject "HolyWater-Test" */;
			compatibilityVersion = "Xcode 14.0";
			developmentRegion = en;
			hasScannedForEncodings = 0;
			knownRegions = (
				en,
				Base,
			);
			mainGroup = CA00CCCC2B84F60A00C5AE78;
			productRefGroup = CA00CCD62B84F60A00C5AE78 /* Products */;
			projectDirPath = "";
			projectRoot = "";
			targets = (
				CA00CCD42B84F60A00C5AE78 /* HolyWater-Test */,
			);
		};
/* End PBXProject section */

/* Begin PBXResourcesBuildPhase section */
		CA00CCD32B84F60A00C5AE78 /* Resources */ = {
			isa = PBXResourcesBuildPhase;
			buildActionMask = 2147483647;
			files = (
				CA50422D2B862BBF00E416C3 /* NunitoSans_10pt-SemiBold.ttf in Resources */,
				CA5042222B86130300E416C3 /* json_data.json in Resources */,
				CA99506B2B87734D00A3098D /* BannerCollectionViewCell.xib in Resources */,
				CA9950672B8633C000A3098D /* Library.storyboard in Resources */,
				CA00CCE52B84F60C00C5AE78 /* LaunchScreen.storyboard in Resources */,
				CA00CCE22B84F60C00C5AE78 /* Assets.xcassets in Resources */,
				CA5042162B86009300E416C3 /* NunitoSans_10pt-Bold.ttf in Resources */,
				CA50422B2B861C8100E416C3 /* BookCollectionViewCell.xib in Resources */,
				CA00CCE02B84F60A00C5AE78 /* SplashScreen.storyboard in Resources */,
				CA00CCEF2B84FEB000C5AE78 /* GoogleService-Info.plist in Resources */,
			);
			runOnlyForDeploymentPostprocessing = 0;
		};
/* End PBXResourcesBuildPhase section */

/* Begin PBXShellScriptBuildPhase section */
		353BFFA1BFA3C2929565865D /* [CP] Check Pods Manifest.lock */ = {
			isa = PBXShellScriptBuildPhase;
			buildActionMask = 2147483647;
			files = (
			);
			inputFileListPaths = (
			);
			inputPaths = (
				"${PODS_PODFILE_DIR_PATH}/Podfile.lock",
				"${PODS_ROOT}/Manifest.lock",
			);
			name = "[CP] Check Pods Manifest.lock";
			outputFileListPaths = (
			);
			outputPaths = (
				"$(DERIVED_FILE_DIR)/Pods-HolyWater-Test-checkManifestLockResult.txt",
			);
			runOnlyForDeploymentPostprocessing = 0;
			shellPath = /bin/sh;
			shellScript = "diff \"${PODS_PODFILE_DIR_PATH}/Podfile.lock\" \"${PODS_ROOT}/Manifest.lock\" > /dev/null\nif [ $? != 0 ] ; then\n    # print error to STDERR\n    echo \"error: The sandbox is not in sync with the Podfile.lock. Run 'pod install' or update your CocoaPods installation.\" >&2\n    exit 1\nfi\n# This output is used by Xcode 'outputs' to avoid re-running this script phase.\necho \"SUCCESS\" > \"${SCRIPT_OUTPUT_FILE_0}\"\n";
			showEnvVarsInLog = 0;
		};
		9AC6F18F1D859278ABC673C1 /* [CP] Embed Pods Frameworks */ = {
			isa = PBXShellScriptBuildPhase;
			buildActionMask = 2147483647;
			files = (
			);
			inputFileListPaths = (
				"${PODS_ROOT}/Target Support Files/Pods-HolyWater-Test/Pods-HolyWater-Test-frameworks-${CONFIGURATION}-input-files.xcfilelist",
			);
			name = "[CP] Embed Pods Frameworks";
			outputFileListPaths = (
				"${PODS_ROOT}/Target Support Files/Pods-HolyWater-Test/Pods-HolyWater-Test-frameworks-${CONFIGURATION}-output-files.xcfilelist",
			);
			runOnlyForDeploymentPostprocessing = 0;
			shellPath = /bin/sh;
			shellScript = "\"${PODS_ROOT}/Target Support Files/Pods-HolyWater-Test/Pods-HolyWater-Test-frameworks.sh\"\n";
			showEnvVarsInLog = 0;
		};
/* End PBXShellScriptBuildPhase section */

/* Begin PBXSourcesBuildPhase section */
		CA00CCD12B84F60A00C5AE78 /* Sources */ = {
			isa = PBXSourcesBuildPhase;
			buildActionMask = 2147483647;
			files = (
				CA99506A2B87734D00A3098D /* BannerCollectionViewCell.swift in Sources */,
				CA50421D2B860F4F00E416C3 /* LibraryScreenViewController.swift in Sources */,
				CA99506D2B87F69600A3098D /* Banner.swift in Sources */,
				CA50422F2B862D5500E416C3 /* BookViewModel.swift in Sources */,
				CA00CCDD2B84F60A00C5AE78 /* SplashScreenViewController.swift in Sources */,
				CA00CCD92B84F60A00C5AE78 /* AppDelegate.swift in Sources */,
				CA50422A2B861C8100E416C3 /* BookCollectionViewCell.swift in Sources */,
				CA5042262B861AD800E416C3 /* Book.swift in Sources */,
				CA00CCDB2B84F60A00C5AE78 /* SceneDelegate.swift in Sources */,
			);
			runOnlyForDeploymentPostprocessing = 0;
		};
/* End PBXSourcesBuildPhase section */

/* Begin PBXVariantGroup section */
		CA00CCDE2B84F60A00C5AE78 /* SplashScreen.storyboard */ = {
			isa = PBXVariantGroup;
			children = (
				CA00CCDF2B84F60A00C5AE78 /* Base */,
			);
			name = SplashScreen.storyboard;
			sourceTree = "<group>";
		};
		CA00CCE32B84F60C00C5AE78 /* LaunchScreen.storyboard */ = {
			isa = PBXVariantGroup;
			children = (
				CA00CCE42B84F60C00C5AE78 /* Base */,
			);
			name = LaunchScreen.storyboard;
			sourceTree = "<group>";
		};
/* End PBXVariantGroup section */

/* Begin XCBuildConfiguration section */
		CA00CCE72B84F60C00C5AE78 /* Debug */ = {
			isa = XCBuildConfiguration;
			buildSettings = {
				ALWAYS_SEARCH_USER_PATHS = NO;
				ASSETCATALOG_COMPILER_GENERATE_SWIFT_ASSET_SYMBOL_EXTENSIONS = YES;
				CLANG_ANALYZER_NONNULL = YES;
				CLANG_ANALYZER_NUMBER_OBJECT_CONVERSION = YES_AGGRESSIVE;
				CLANG_CXX_LANGUAGE_STANDARD = "gnu++20";
				CLANG_ENABLE_MODULES = YES;
				CLANG_ENABLE_OBJC_ARC = YES;
				CLANG_ENABLE_OBJC_WEAK = YES;
				CLANG_WARN_BLOCK_CAPTURE_AUTORELEASING = YES;
				CLANG_WARN_BOOL_CONVERSION = YES;
				CLANG_WARN_COMMA = YES;
				CLANG_WARN_CONSTANT_CONVERSION = YES;
				CLANG_WARN_DEPRECATED_OBJC_IMPLEMENTATIONS = YES;
				CLANG_WARN_DIRECT_OBJC_ISA_USAGE = YES_ERROR;
				CLANG_WARN_DOCUMENTATION_COMMENTS = YES;
				CLANG_WARN_EMPTY_BODY = YES;
				CLANG_WARN_ENUM_CONVERSION = YES;
				CLANG_WARN_INFINITE_RECURSION = YES;
				CLANG_WARN_INT_CONVERSION = YES;
				CLANG_WARN_NON_LITERAL_NULL_CONVERSION = YES;
				CLANG_WARN_OBJC_IMPLICIT_RETAIN_SELF = YES;
				CLANG_WARN_OBJC_LITERAL_CONVERSION = YES;
				CLANG_WARN_OBJC_ROOT_CLASS = YES_ERROR;
				CLANG_WARN_QUOTED_INCLUDE_IN_FRAMEWORK_HEADER = YES;
				CLANG_WARN_RANGE_LOOP_ANALYSIS = YES;
				CLANG_WARN_STRICT_PROTOTYPES = YES;
				CLANG_WARN_SUSPICIOUS_MOVE = YES;
				CLANG_WARN_UNGUARDED_AVAILABILITY = YES_AGGRESSIVE;
				CLANG_WARN_UNREACHABLE_CODE = YES;
				CLANG_WARN__DUPLICATE_METHOD_MATCH = YES;
				COPY_PHASE_STRIP = NO;
				DEBUG_INFORMATION_FORMAT = dwarf;
				ENABLE_STRICT_OBJC_MSGSEND = YES;
				ENABLE_TESTABILITY = YES;
				ENABLE_USER_SCRIPT_SANDBOXING = NO;
				GCC_C_LANGUAGE_STANDARD = gnu17;
				GCC_DYNAMIC_NO_PIC = NO;
				GCC_NO_COMMON_BLOCKS = YES;
				GCC_OPTIMIZATION_LEVEL = 0;
				GCC_PREPROCESSOR_DEFINITIONS = (
					"DEBUG=1",
					"$(inherited)",
				);
				GCC_WARN_64_TO_32_BIT_CONVERSION = YES;
				GCC_WARN_ABOUT_RETURN_TYPE = YES_ERROR;
				GCC_WARN_UNDECLARED_SELECTOR = YES;
				GCC_WARN_UNINITIALIZED_AUTOS = YES_AGGRESSIVE;
				GCC_WARN_UNUSED_FUNCTION = YES;
				GCC_WARN_UNUSED_VARIABLE = YES;
				IPHONEOS_DEPLOYMENT_TARGET = 17.2;
				LOCALIZATION_PREFERS_STRING_CATALOGS = YES;
				MTL_ENABLE_DEBUG_INFO = INCLUDE_SOURCE;
				MTL_FAST_MATH = YES;
				ONLY_ACTIVE_ARCH = YES;
				SDKROOT = iphoneos;
				SWIFT_ACTIVE_COMPILATION_CONDITIONS = "DEBUG $(inherited)";
				SWIFT_OPTIMIZATION_LEVEL = "-Onone";
			};
			name = Debug;
		};
		CA00CCE82B84F60C00C5AE78 /* Release */ = {
			isa = XCBuildConfiguration;
			buildSettings = {
				ALWAYS_SEARCH_USER_PATHS = NO;
				ASSETCATALOG_COMPILER_GENERATE_SWIFT_ASSET_SYMBOL_EXTENSIONS = YES;
				CLANG_ANALYZER_NONNULL = YES;
				CLANG_ANALYZER_NUMBER_OBJECT_CONVERSION = YES_AGGRESSIVE;
				CLANG_CXX_LANGUAGE_STANDARD = "gnu++20";
				CLANG_ENABLE_MODULES = YES;
				CLANG_ENABLE_OBJC_ARC = YES;
				CLANG_ENABLE_OBJC_WEAK = YES;
				CLANG_WARN_BLOCK_CAPTURE_AUTORELEASING = YES;
				CLANG_WARN_BOOL_CONVERSION = YES;
				CLANG_WARN_COMMA = YES;
				CLANG_WARN_CONSTANT_CONVERSION = YES;
				CLANG_WARN_DEPRECATED_OBJC_IMPLEMENTATIONS = YES;
				CLANG_WARN_DIRECT_OBJC_ISA_USAGE = YES_ERROR;
				CLANG_WARN_DOCUMENTATION_COMMENTS = YES;
				CLANG_WARN_EMPTY_BODY = YES;
				CLANG_WARN_ENUM_CONVERSION = YES;
				CLANG_WARN_INFINITE_RECURSION = YES;
				CLANG_WARN_INT_CONVERSION = YES;
				CLANG_WARN_NON_LITERAL_NULL_CONVERSION = YES;
				CLANG_WARN_OBJC_IMPLICIT_RETAIN_SELF = YES;
				CLANG_WARN_OBJC_LITERAL_CONVERSION = YES;
				CLANG_WARN_OBJC_ROOT_CLASS = YES_ERROR;
				CLANG_WARN_QUOTED_INCLUDE_IN_FRAMEWORK_HEADER = YES;
				CLANG_WARN_RANGE_LOOP_ANALYSIS = YES;
				CLANG_WARN_STRICT_PROTOTYPES = YES;
				CLANG_WARN_SUSPICIOUS_MOVE = YES;
				CLANG_WARN_UNGUARDED_AVAILABILITY = YES_AGGRESSIVE;
				CLANG_WARN_UNREACHABLE_CODE = YES;
				CLANG_WARN__DUPLICATE_METHOD_MATCH = YES;
				COPY_PHASE_STRIP = NO;
				DEBUG_INFORMATION_FORMAT = "dwarf-with-dsym";
				ENABLE_NS_ASSERTIONS = NO;
				ENABLE_STRICT_OBJC_MSGSEND = YES;
				ENABLE_USER_SCRIPT_SANDBOXING = NO;
				GCC_C_LANGUAGE_STANDARD = gnu17;
				GCC_NO_COMMON_BLOCKS = YES;
				GCC_WARN_64_TO_32_BIT_CONVERSION = YES;
				GCC_WARN_ABOUT_RETURN_TYPE = YES_ERROR;
				GCC_WARN_UNDECLARED_SELECTOR = YES;
				GCC_WARN_UNINITIALIZED_AUTOS = YES_AGGRESSIVE;
				GCC_WARN_UNUSED_FUNCTION = YES;
				GCC_WARN_UNUSED_VARIABLE = YES;
				IPHONEOS_DEPLOYMENT_TARGET = 17.2;
				LOCALIZATION_PREFERS_STRING_CATALOGS = YES;
				MTL_ENABLE_DEBUG_INFO = NO;
				MTL_FAST_MATH = YES;
				SDKROOT = iphoneos;
				SWIFT_COMPILATION_MODE = wholemodule;
				VALIDATE_PRODUCT = YES;
			};
			name = Release;
		};
		CA00CCEA2B84F60C00C5AE78 /* Debug */ = {
			isa = XCBuildConfiguration;
			baseConfigurationReference = 7A00425A44679FB168E9A332 /* Pods-HolyWater-Test.debug.xcconfig */;
			buildSettings = {
				ASSETCATALOG_COMPILER_APPICON_NAME = AppIcon;
				ASSETCATALOG_COMPILER_GLOBAL_ACCENT_COLOR_NAME = AccentColor;
				CODE_SIGN_STYLE = Automatic;
				CURRENT_PROJECT_VERSION = 1;
				DEVELOPMENT_TEAM = 4LMH8QQN35;
				GENERATE_INFOPLIST_FILE = YES;
				INFOPLIST_FILE = "HolyWater-Test/Resources/Info.plist";
				INFOPLIST_KEY_UIApplicationSupportsIndirectInputEvents = YES;
				INFOPLIST_KEY_UILaunchStoryboardName = LaunchScreen;
				INFOPLIST_KEY_UIMainStoryboardFile = SplashScreen;
				INFOPLIST_KEY_UISupportedInterfaceOrientations_iPad = "UIInterfaceOrientationPortrait UIInterfaceOrientationPortraitUpsideDown UIInterfaceOrientationLandscapeLeft UIInterfaceOrientationLandscapeRight";
				INFOPLIST_KEY_UISupportedInterfaceOrientations_iPhone = "UIInterfaceOrientationPortrait UIInterfaceOrientationLandscapeLeft UIInterfaceOrientationLandscapeRight";
				LD_RUNPATH_SEARCH_PATHS = (
					"$(inherited)",
					"@executable_path/Frameworks",
				);
				MARKETING_VERSION = 1.0;
				PRODUCT_BUNDLE_IDENTIFIER = com.books.app;
				PRODUCT_NAME = "$(TARGET_NAME)";
				SWIFT_EMIT_LOC_STRINGS = YES;
				SWIFT_VERSION = 5.0;
				TARGETED_DEVICE_FAMILY = "1,2";
			};
			name = Debug;
		};
		CA00CCEB2B84F60C00C5AE78 /* Release */ = {
			isa = XCBuildConfiguration;
			baseConfigurationReference = D09C3533F7514C8B98439B5B /* Pods-HolyWater-Test.release.xcconfig */;
			buildSettings = {
				ASSETCATALOG_COMPILER_APPICON_NAME = AppIcon;
				ASSETCATALOG_COMPILER_GLOBAL_ACCENT_COLOR_NAME = AccentColor;
				CODE_SIGN_STYLE = Automatic;
				CURRENT_PROJECT_VERSION = 1;
				DEVELOPMENT_TEAM = 4LMH8QQN35;
				GENERATE_INFOPLIST_FILE = YES;
				INFOPLIST_FILE = "HolyWater-Test/Resources/Info.plist";
				INFOPLIST_KEY_UIApplicationSupportsIndirectInputEvents = YES;
				INFOPLIST_KEY_UILaunchStoryboardName = LaunchScreen;
				INFOPLIST_KEY_UIMainStoryboardFile = SplashScreen;
				INFOPLIST_KEY_UISupportedInterfaceOrientations_iPad = "UIInterfaceOrientationPortrait UIInterfaceOrientationPortraitUpsideDown UIInterfaceOrientationLandscapeLeft UIInterfaceOrientationLandscapeRight";
				INFOPLIST_KEY_UISupportedInterfaceOrientations_iPhone = "UIInterfaceOrientationPortrait UIInterfaceOrientationLandscapeLeft UIInterfaceOrientationLandscapeRight";
				LD_RUNPATH_SEARCH_PATHS = (
					"$(inherited)",
					"@executable_path/Frameworks",
				);
				MARKETING_VERSION = 1.0;
				PRODUCT_BUNDLE_IDENTIFIER = com.books.app;
				PRODUCT_NAME = "$(TARGET_NAME)";
				SWIFT_EMIT_LOC_STRINGS = YES;
				SWIFT_VERSION = 5.0;
				TARGETED_DEVICE_FAMILY = "1,2";
			};
			name = Release;
		};
/* End XCBuildConfiguration section */

/* Begin XCConfigurationList section */
		CA00CCD02B84F60A00C5AE78 /* Build configuration list for PBXProject "HolyWater-Test" */ = {
			isa = XCConfigurationList;
			buildConfigurations = (
				CA00CCE72B84F60C00C5AE78 /* Debug */,
				CA00CCE82B84F60C00C5AE78 /* Release */,
			);
			defaultConfigurationIsVisible = 0;
			defaultConfigurationName = Release;
		};
		CA00CCE92B84F60C00C5AE78 /* Build configuration list for PBXNativeTarget "HolyWater-Test" */ = {
			isa = XCConfigurationList;
			buildConfigurations = (
				CA00CCEA2B84F60C00C5AE78 /* Debug */,
				CA00CCEB2B84F60C00C5AE78 /* Release */,
			);
			defaultConfigurationIsVisible = 0;
			defaultConfigurationName = Release;
		};
/* End XCConfigurationList section */
	};
	rootObject = CA00CCCD2B84F60A00C5AE78 /* Project object */;
}
